
Microsoft Visual Studio Solution File, Format Version 12.00
# Visual Studio Version 17
VisualStudioVersion = 17.0.31903.59
MinimumVisualStudioVersion = 10.0.40219.1
Project("{2150E333-8FDC-42A3-9474-1A3956D46DE8}") = "src", "src", "{827E0CD3-B72D-47B6-A68D-7590B98EB39B}"
EndProject
Project("{FAE04EC0-301F-11D3-BF4B-00C04F79EFBC}") = "JobFinder.API", "src\JobFinder.API\JobFinder.API.csproj", "{380AE69E-1852-4319-A885-C106A5786739}"
EndProject
Project("{FAE04EC0-301F-11D3-BF4B-00C04F79EFBC}") = "JobFinder.Services", "src\JobFinder.Services\JobFinder.Services.csproj", "{9FE18FB7-5C9B-4628-9ABA-735D5DA882D0}"
EndProject
Project("{FAE04EC0-301F-11D3-BF4B-00C04F79EFBC}") = "JobFinder.Desktop", "src\JobFinder.Desktop\JobFinder.Desktop.csproj", "{4B268E25-EEB3-4E77-887E-51BB52A180F4}"
EndProject
Project("{FAE04EC0-301F-11D3-BF4B-00C04F79EFBC}") = "JobFinder.DesktopServices", "src\JobFinder.DesktopServices\JobFinder.DesktopServices.csproj", "{F91CF0AA-EBA4-4E64-BC46-9848A5457940}"
EndProject
Project("{FAE04EC0-301F-11D3-BF4B-00C04F79EFBC}") = "TrackrScraper", "src\TrackrScraper\TrackrScraper.csproj", "{47A86BE9-BD58-4C3D-85C9-FBCC47FC3539}"
EndProject
Global
	GlobalSection(SolutionConfigurationPlatforms) = preSolution
		Debug|Any CPU = Debug|Any CPU
		Debug|x64 = Debug|x64
		Debug|x86 = Debug|x86
		Release|Any CPU = Release|Any CPU
		Release|x64 = Release|x64
		Release|x86 = Release|x86
	EndGlobalSection
	GlobalSection(ProjectConfigurationPlatforms) = postSolution
		{380AE69E-1852-4319-A885-C106A5786739}.Debug|Any CPU.ActiveCfg = Debug|Any CPU
		{380AE69E-1852-4319-A885-C106A5786739}.Debug|Any CPU.Build.0 = Debug|Any CPU
		{380AE69E-1852-4319-A885-C106A5786739}.Debug|x64.ActiveCfg = Debug|Any CPU
		{380AE69E-1852-4319-A885-C106A5786739}.Debug|x64.Build.0 = Debug|Any CPU
		{380AE69E-1852-4319-A885-C106A5786739}.Debug|x86.ActiveCfg = Debug|Any CPU
		{380AE69E-1852-4319-A885-C106A5786739}.Debug|x86.Build.0 = Debug|Any CPU
		{380AE69E-1852-4319-A885-C106A5786739}.Release|Any CPU.ActiveCfg = Release|Any CPU
		{380AE69E-1852-4319-A885-C106A5786739}.Release|Any CPU.Build.0 = Release|Any CPU
		{380AE69E-1852-4319-A885-C106A5786739}.Release|x64.ActiveCfg = Release|Any CPU
		{380AE69E-1852-4319-A885-C106A5786739}.Release|x64.Build.0 = Release|Any CPU
		{380AE69E-1852-4319-A885-C106A5786739}.Release|x86.ActiveCfg = Release|Any CPU
		{380AE69E-1852-4319-A885-C106A5786739}.Release|x86.Build.0 = Release|Any CPU
		{9FE18FB7-5C9B-4628-9ABA-735D5DA882D0}.Debug|Any CPU.ActiveCfg = Debug|Any CPU
		{9FE18FB7-5C9B-4628-9ABA-735D5DA882D0}.Debug|Any CPU.Build.0 = Debug|Any CPU
		{9FE18FB7-5C9B-4628-9ABA-735D5DA882D0}.Debug|x64.ActiveCfg = Debug|Any CPU
		{9FE18FB7-5C9B-4628-9ABA-735D5DA882D0}.Debug|x64.Build.0 = Debug|Any CPU
		{9FE18FB7-5C9B-4628-9ABA-735D5DA882D0}.Debug|x86.ActiveCfg = Debug|Any CPU
		{9FE18FB7-5C9B-4628-9ABA-735D5DA882D0}.Debug|x86.Build.0 = Debug|Any CPU
		{9FE18FB7-5C9B-4628-9ABA-735D5DA882D0}.Release|Any CPU.ActiveCfg = Release|Any CPU
		{9FE18FB7-5C9B-4628-9ABA-735D5DA882D0}.Release|Any CPU.Build.0 = Release|Any CPU
		{9FE18FB7-5C9B-4628-9ABA-735D5DA882D0}.Release|x64.ActiveCfg = Release|Any CPU
		{9FE18FB7-5C9B-4628-9ABA-735D5DA882D0}.Release|x64.Build.0 = Release|Any CPU
		{9FE18FB7-5C9B-4628-9ABA-735D5DA882D0}.Release|x86.ActiveCfg = Release|Any CPU
		{9FE18FB7-5C9B-4628-9ABA-735D5DA882D0}.Release|x86.Build.0 = Release|Any CPU
		{4B268E25-EEB3-4E77-887E-51BB52A180F4}.Debug|Any CPU.ActiveCfg = Debug|Any CPU
		{4B268E25-EEB3-4E77-887E-51BB52A180F4}.Debug|Any CPU.Build.0 = Debug|Any CPU
		{4B268E25-EEB3-4E77-887E-51BB52A180F4}.Debug|x64.ActiveCfg = Debug|Any CPU
		{4B268E25-EEB3-4E77-887E-51BB52A180F4}.Debug|x64.Build.0 = Debug|Any CPU
		{4B268E25-EEB3-4E77-887E-51BB52A180F4}.Debug|x86.ActiveCfg = Debug|Any CPU
		{4B268E25-EEB3-4E77-887E-51BB52A180F4}.Debug|x86.Build.0 = Debug|Any CPU
		{4B268E25-EEB3-4E77-887E-51BB52A180F4}.Release|Any CPU.ActiveCfg = Release|Any CPU
		{4B268E25-EEB3-4E77-887E-51BB52A180F4}.Release|Any CPU.Build.0 = Release|Any CPU
		{4B268E25-EEB3-4E77-887E-51BB52A180F4}.Release|x64.ActiveCfg = Release|Any CPU
		{4B268E25-EEB3-4E77-887E-51BB52A180F4}.Release|x64.Build.0 = Release|Any CPU
		{4B268E25-EEB3-4E77-887E-51BB52A180F4}.Release|x86.ActiveCfg = Release|Any CPU
		{4B268E25-EEB3-4E77-887E-51BB52A180F4}.Release|x86.Build.0 = Release|Any CPU
		{F91CF0AA-EBA4-4E64-BC46-9848A5457940}.Debug|Any CPU.ActiveCfg = Debug|Any CPU
		{F91CF0AA-EBA4-4E64-BC46-9848A5457940}.Debug|Any CPU.Build.0 = Debug|Any CPU
		{F91CF0AA-EBA4-4E64-BC46-9848A5457940}.Debug|x64.ActiveCfg = Debug|Any CPU
		{F91CF0AA-EBA4-4E64-BC46-9848A5457940}.Debug|x64.Build.0 = Debug|Any CPU
		{F91CF0AA-EBA4-4E64-BC46-9848A5457940}.Debug|x86.ActiveCfg = Debug|Any CPU
		{F91CF0AA-EBA4-4E64-BC46-9848A5457940}.Debug|x86.Build.0 = Debug|Any CPU
		{F91CF0AA-EBA4-4E64-BC46-9848A5457940}.Release|Any CPU.ActiveCfg = Release|Any CPU
		{F91CF0AA-EBA4-4E64-BC46-9848A5457940}.Release|Any CPU.Build.0 = Release|Any CPU
		{F91CF0AA-EBA4-4E64-BC46-9848A5457940}.Release|x64.ActiveCfg = Release|Any CPU
		{F91CF0AA-EBA4-4E64-BC46-9848A5457940}.Release|x64.Build.0 = Release|Any CPU
		{F91CF0AA-EBA4-4E64-BC46-9848A5457940}.Release|x86.ActiveCfg = Release|Any CPU
		{F91CF0AA-EBA4-4E64-BC46-9848A5457940}.Release|x86.Build.0 = Release|Any CPU
		{47A86BE9-BD58-4C3D-85C9-FBCC47FC3539}.Debug|Any CPU.ActiveCfg = Debug|Any CPU
		{47A86BE9-BD58-4C3D-85C9-FBCC47FC3539}.Debug|Any CPU.Build.0 = Debug|Any CPU
		{47A86BE9-BD58-4C3D-85C9-FBCC47FC3539}.Debug|x64.ActiveCfg = Debug|Any CPU
		{47A86BE9-BD58-4C3D-85C9-FBCC47FC3539}.Debug|x64.Build.0 = Debug|Any CPU
		{47A86BE9-BD58-4C3D-85C9-FBCC47FC3539}.Debug|x86.ActiveCfg = Debug|Any CPU
		{47A86BE9-BD58-4C3D-85C9-FBCC47FC3539}.Debug|x86.Build.0 = Debug|Any CPU
		{47A86BE9-BD58-4C3D-85C9-FBCC47FC3539}.Release|Any CPU.ActiveCfg = Release|Any CPU
		{47A86BE9-BD58-4C3D-85C9-FBCC47FC3539}.Release|Any CPU.Build.0 = Release|Any CPU
		{47A86BE9-BD58-4C3D-85C9-FBCC47FC3539}.Release|x64.ActiveCfg = Release|Any CPU
		{47A86BE9-BD58-4C3D-85C9-FBCC47FC3539}.Release|x64.Build.0 = Release|Any CPU
		{47A86BE9-BD58-4C3D-85C9-FBCC47FC3539}.Release|x86.ActiveCfg = Release|Any CPU
		{47A86BE9-BD58-4C3D-85C9-FBCC47FC3539}.Release|x86.Build.0 = Release|Any CPU
	EndGlobalSection
	GlobalSection(SolutionProperties) = preSolution
		HideSolutionNode = FALSE
	EndGlobalSection
	GlobalSection(NestedProjects) = preSolution
		{380AE69E-1852-4319-A885-C106A5786739} = {827E0CD3-B72D-47B6-A68D-7590B98EB39B}
		{9FE18FB7-5C9B-4628-9ABA-735D5DA882D0} = {827E0CD3-B72D-47B6-A68D-7590B98EB39B}
		{4B268E25-EEB3-4E77-887E-51BB52A180F4} = {827E0CD3-B72D-47B6-A68D-7590B98EB39B}
		{F91CF0AA-EBA4-4E64-BC46-9848A5457940} = {827E0CD3-B72D-47B6-A68D-7590B98EB39B}
		{47A86BE9-BD58-4C3D-85C9-FBCC47FC3539} = {827E0CD3-B72D-47B6-A68D-7590B98EB39B}
	EndGlobalSection
EndGlobal
